# THIS IS AN AUTOGENERATED FILE. DO NOT EDIT THIS FILE DIRECTLY.
# yarn lockfile v1


github-markdown-css@^5.8.1:
  version "5.8.1"
  resolved "https://registry.yarnpkg.com/github-markdown-css/-/github-markdown-css-5.8.1.tgz#2a53cf17f0c9bde5ff9e83710a3310a02f5278a7"
  integrity sha512-8G+PFvqigBQSWLQjyzgpa2ThD9bo7+kDsriUIidGcRhXgmcaAWUIpCZf8DavJgc+xifjbCG+GvMyWr0XMXmc7g==

next-themes@^0.4.6:
  version "0.4.6"
  resolved "https://registry.yarnpkg.com/next-themes/-/next-themes-0.4.6.tgz#8d7e92d03b8fea6582892a50a928c9b23502e8b6"
  integrity sha512-pZvgD5L0IEvX5/9GWyHMf3m8BKiVQwsCMHfoFosXtXBMnaS0ZnIJ9ST4b4NqLVKDEm8QBxoNNGNaBv2JNF6XNA==
