# THIS IS AN AUTOGENERATED FILE. DO NOT EDIT THIS FILE DIRECTLY.
# yarn lockfile v1


"@subsquid/evm-abi@^0.3.1":
  version "0.3.1"
  resolved "https://registry.yarnpkg.com/@subsquid/evm-abi/-/evm-abi-0.3.1.tgz#c68dc9e86b41d0dd856c500deb5c1c5aa69e0ca8"
  integrity sha512-kWD8KjPBj4bR7u2Ct0xZmmVVkto0DKbSv9LQoh3fdGpS1UXbMg1jt4idupd970U8O7u3JJoTosgtApaXbKfoig==
  dependencies:
    "@subsquid/evm-codec" "^0.3.0"
    keccak256 "^1.0.6"

"@subsquid/evm-codec@^0.3.0":
  version "0.3.0"
  resolved "https://registry.yarnpkg.com/@subsquid/evm-codec/-/evm-codec-0.3.0.tgz#f32a4746b4823d0f26ceb17c33baa41e4adb5038"
  integrity sha512-W6EIiC7MJN2oWdbgzpUSDop+UtROdFAlvsrzc10g3AnCAaK31nH59tkTjylRxgECewWFCFWZrwsVp+a+lwvXMA==
  dependencies:
    "@subsquid/util-internal-hex" "^1.2.2"

"@subsquid/evm-processor@^1.19.1":
  version "1.27.1"
  resolved "https://registry.yarnpkg.com/@subsquid/evm-processor/-/evm-processor-1.27.1.tgz#79b37094357c35c67d01cd1f75e35c0b964cb3bb"
  integrity sha512-dQBDbztfPikHTerKRdKwJrNC0pdDW71Z1QHn6tVjCT7RDNZGteMxp062gZ+09OzKQMS4R3J57yXoHXK4BNeemw==
  dependencies:
    "@subsquid/http-client" "^1.6.0"
    "@subsquid/logger" "^1.4.0"
    "@subsquid/rpc-client" "^4.11.0"
    "@subsquid/util-internal" "^3.2.0"
    "@subsquid/util-internal-archive-client" "^0.1.2"
    "@subsquid/util-internal-hex" "^1.2.2"
    "@subsquid/util-internal-ingest-tools" "^1.1.4"
    "@subsquid/util-internal-processor-tools" "^4.2.1"
    "@subsquid/util-internal-range" "^0.3.0"
    "@subsquid/util-internal-validation" "^0.7.0"
    "@subsquid/util-timeout" "^2.3.2"

"@subsquid/evm-typegen@^4.2.0":
  version "4.4.0"
  resolved "https://registry.yarnpkg.com/@subsquid/evm-typegen/-/evm-typegen-4.4.0.tgz#b4cc8885d76a8ea592897c01ee6871f4a24de288"
  integrity sha512-NcrmHRALoduuJcTk7MZIuY9ld3ltI5d/192mv7F4AnZwCzmEJpzeIq1taIvyDiFI4KALPZUokVjm+QZSaU/6iQ==
  dependencies:
    "@subsquid/evm-abi" "^0.3.1"
    "@subsquid/evm-codec" "^0.3.0"
    "@subsquid/http-client" "^1.6.0"
    "@subsquid/logger" "^1.4.0"
    "@subsquid/util-internal" "^3.2.0"
    "@subsquid/util-internal-code-printer" "^1.2.2"
    "@subsquid/util-internal-commander" "^1.4.0"
    commander "^11.1.0"

"@subsquid/http-client@^1.5.0", "@subsquid/http-client@^1.6.0":
  version "1.6.0"
  resolved "https://registry.yarnpkg.com/@subsquid/http-client/-/http-client-1.6.0.tgz#e9e90b1401460f9b28368361d273a3c8f071feb4"
  integrity sha512-0QnOiMLTjR7j5RA33qJpAEOj2Eu9SIEqOp773ItbMObdAhWVNXL54Tu0a/p2Gk3Rq5+lYa4oFEpeFGbEdjtajg==
  dependencies:
    "@subsquid/logger" "^1.3.3"
    "@subsquid/util-internal" "^3.2.0"
    node-fetch "^3.3.2"

"@subsquid/logger@^1.3.3", "@subsquid/logger@^1.4.0":
  version "1.4.0"
  resolved "https://registry.yarnpkg.com/@subsquid/logger/-/logger-1.4.0.tgz#468c9055213608fac7eb9ef5849d2367cb85f5ed"
  integrity sha512-Yep4hzpLfmm4pJMXuTnd3n7Hlo18Dce8vwKZduGE9n/p56cHq4BTbAuaXLK50vYKWx7Lyt2obVbJ4otVMWkyYg==
  dependencies:
    "@subsquid/util-internal-hex" "^1.2.2"
    "@subsquid/util-internal-json" "^1.2.3"
    supports-color "^8.1.1"

"@subsquid/rpc-client@^4.11.0":
  version "4.11.0"
  resolved "https://registry.yarnpkg.com/@subsquid/rpc-client/-/rpc-client-4.11.0.tgz#1183a9c6f65c7ffcb862af57992d28bd69b7730e"
  integrity sha512-0vVCqNEsi7OW/9sAEAQL6ljxQ2qmowtfMBVOBefw/l4AAib9e/PR1aS7EuBaiKq56e/iKzMOJigqvnEiS3EwFQ==
  dependencies:
    "@subsquid/http-client" "^1.5.0"
    "@subsquid/logger" "^1.3.3"
    "@subsquid/util-internal" "^3.2.0"
    "@subsquid/util-internal-binary-heap" "^1.0.0"
    "@subsquid/util-internal-counters" "^1.3.2"
    "@subsquid/util-internal-json-fix-unsafe-integers" "^0.0.0"
    websocket "^1.0.34"

"@subsquid/util-internal-archive-client@^0.1.2":
  version "0.1.2"
  resolved "https://registry.yarnpkg.com/@subsquid/util-internal-archive-client/-/util-internal-archive-client-0.1.2.tgz#c26655abbe99fc628d206b12b79050a637041a41"
  integrity sha512-XATZWOIHUqIuqzb9hxaFIsz/BItb5qLoYjk6uhFcR9ART2AExXLU5l26SvSrq3hUnqfznIkQMZVQ1SKqnGzx4g==
  dependencies:
    "@subsquid/util-internal" "^3.1.0"
    "@subsquid/util-internal-range" "^0.3.0"

"@subsquid/util-internal-binary-heap@^1.0.0":
  version "1.0.0"
  resolved "https://registry.yarnpkg.com/@subsquid/util-internal-binary-heap/-/util-internal-binary-heap-1.0.0.tgz#1f86f7677c2f773697ddc6b79a09cb5c55e6e4b0"
  integrity sha512-88auuc8yNFmCZugmJSTYzS7WM/nN2obKGQCgrl8Jty5rJUFbqazGSi8icqftKhv6MPtUMJ3PSTRLiTFXAUGnAA==

"@subsquid/util-internal-code-printer@^1.2.2":
  version "1.2.2"
  resolved "https://registry.yarnpkg.com/@subsquid/util-internal-code-printer/-/util-internal-code-printer-1.2.2.tgz#29621d2cae376725a3c8612a0ac53d14afed4658"
  integrity sha512-uerf8T/FU4bxxhat09MgRrdmwifLwV+tO7QvlMvZ5ccwaVrJjHs+0/LY/h1e9YowH3+ZtwPqjYrd5tNOHWX8wA==

"@subsquid/util-internal-commander@^1.4.0":
  version "1.4.0"
  resolved "https://registry.yarnpkg.com/@subsquid/util-internal-commander/-/util-internal-commander-1.4.0.tgz#f607fc395fc65d012fd3daeacb3df1d72cabaeff"
  integrity sha512-I+IztlLVow9z2S5lK/ON4aBRYXKtAKXl/rVPUn1Ue5vq+5JgEFbWEKJgnwXkd0qKnKeoYeaRFlcyQVfxirxzJw==

"@subsquid/util-internal-counters@^1.3.2":
  version "1.3.2"
  resolved "https://registry.yarnpkg.com/@subsquid/util-internal-counters/-/util-internal-counters-1.3.2.tgz#894ad268a1fade481a896577e42a83b73019ffa6"
  integrity sha512-GxpOIL36JXSo0KdOT7k6CsI4DY804rn/X7pTdfKhych0ReHaDghnwNyvgb7Njv9euEHWUt4MxXbfQ9YrbpPDng==

"@subsquid/util-internal-hex@^1.2.2":
  version "1.2.2"
  resolved "https://registry.yarnpkg.com/@subsquid/util-internal-hex/-/util-internal-hex-1.2.2.tgz#958ab0aceac0b1160227a688d9d3099c6230f27f"
  integrity sha512-E43HVqf23jP5hvtWF9GsiN8luANjnJ1daR2SVTwaIUAYU/uNjv1Bi6tHz2uexlflBhyxAgBDmHgunXZ45wQTIw==

"@subsquid/util-internal-http-server@^2.0.0":
  version "2.0.0"
  resolved "https://registry.yarnpkg.com/@subsquid/util-internal-http-server/-/util-internal-http-server-2.0.0.tgz#ebdad207eb8bcb290623304a2113547d9b1d29c5"
  integrity sha512-MUAJGMuDjbA3B+KQFZmMkm9FuWVx067pINt+EWuq3fSZqYPr1kRkTCTSJK7uT6Q8omqJtJFRWveyOWlXmixvfg==
  dependencies:
    "@subsquid/logger" "^1.3.3"
    stoppable "^1.1.0"

"@subsquid/util-internal-ingest-tools@^1.1.4":
  version "1.1.4"
  resolved "https://registry.yarnpkg.com/@subsquid/util-internal-ingest-tools/-/util-internal-ingest-tools-1.1.4.tgz#bb7c1a6f3006eecbc23866021ba9f6fb7ebae1b7"
  integrity sha512-2xWyqfg0mITsNdsYuGi3++UTy/D04N69KovyW5Rd71zCDSEedV0ePX5hQl/IT/o+H/u++HcXPggwJMVl09g6kQ==
  dependencies:
    "@subsquid/logger" "^1.3.3"
    "@subsquid/util-internal" "^3.2.0"
    "@subsquid/util-internal-range" "^0.3.0"

"@subsquid/util-internal-json-fix-unsafe-integers@^0.0.0":
  version "0.0.0"
  resolved "https://registry.yarnpkg.com/@subsquid/util-internal-json-fix-unsafe-integers/-/util-internal-json-fix-unsafe-integers-0.0.0.tgz#0baaefac27e3a1831df240b262c9cb78b166657f"
  integrity sha512-mtbN15IgXtV4yo98RQla+O3DhFwB28o3JTBrFuBc/i/qzxyZNbKoVdq/uczomGdXrHxGkWhTDe/istIQe9gn6w==

"@subsquid/util-internal-json@^1.2.3":
  version "1.2.3"
  resolved "https://registry.yarnpkg.com/@subsquid/util-internal-json/-/util-internal-json-1.2.3.tgz#836430ccb7b6e733cec6157aa2202a85db4fae26"
  integrity sha512-H5qW5kG20IzVMpb7GhPbVRxGuACEf1DPIXE1+LNXYxt8t/GX4zQREQWHRvCB3lck+RORLJD3WJbQUtxN5UYB3Q==
  dependencies:
    "@subsquid/util-internal-hex" "^1.2.2"

"@subsquid/util-internal-processor-tools@^4.2.1":
  version "4.2.1"
  resolved "https://registry.yarnpkg.com/@subsquid/util-internal-processor-tools/-/util-internal-processor-tools-4.2.1.tgz#22ab2fedef0b04b1d5a09156199f4d8fbe49175e"
  integrity sha512-+iNmKZ9u69TsPdF96UlPSUIEYyALcY1SAVlM+tY/e+x5ZPCnZLOFF9jCYRnqDnYLmBtAw4hSEobMFv6d8S5z2g==
  dependencies:
    "@subsquid/logger" "^1.3.3"
    "@subsquid/util-internal" "^3.2.0"
    "@subsquid/util-internal-counters" "^1.3.2"
    "@subsquid/util-internal-prometheus-server" "^1.3.0"
    "@subsquid/util-internal-range" "^0.3.0"
    "@subsquid/util-internal-squid-id" "^0.0.0"
    prom-client "^14.2.0"

"@subsquid/util-internal-prometheus-server@^1.3.0":
  version "1.3.0"
  resolved "https://registry.yarnpkg.com/@subsquid/util-internal-prometheus-server/-/util-internal-prometheus-server-1.3.0.tgz#f0e692b5a6b088555e1260424a1745eb77d2dbc7"
  integrity sha512-E/ch5mxBg1CIGPsuAqUAQ7vVln2oTPm+Rl+0WYweH8JeZ81rD01XAmxhDuZzZnMMMzfZd9W4NlE4mCXbhSY1Ug==
  dependencies:
    "@subsquid/util-internal-http-server" "^2.0.0"

"@subsquid/util-internal-range@^0.3.0":
  version "0.3.0"
  resolved "https://registry.yarnpkg.com/@subsquid/util-internal-range/-/util-internal-range-0.3.0.tgz#7aa7dceaf15f28a4f3bf9318b2dc84ebdef7cf1b"
  integrity sha512-5/oDNW0TS66o4vWRzYSYXEfNnFRZsAzoi4pZNdPn7n1l+xV7ZTa0Y57XA6cP5hrWCaIYav4z1zECPngLDV/qeQ==
  dependencies:
    "@subsquid/util-internal" "^3.1.0"
    "@subsquid/util-internal-binary-heap" "^1.0.0"

"@subsquid/util-internal-squid-id@^0.0.0":
  version "0.0.0"
  resolved "https://registry.yarnpkg.com/@subsquid/util-internal-squid-id/-/util-internal-squid-id-0.0.0.tgz#1ec90d7cfee5e3764ec4feeb8103170e3e1ed55c"
  integrity sha512-LyVZIGUbC87r+3VFBRiNOEycxvpkOEEjt5enY02iGl6MneLwq3m17D44xAkwfFj/U+t7GA76eeHIoI2ZkiQKog==

"@subsquid/util-internal-validation@^0.7.0":
  version "0.7.0"
  resolved "https://registry.yarnpkg.com/@subsquid/util-internal-validation/-/util-internal-validation-0.7.0.tgz#d85576cae18a6f60147b98e8a184cdd88d705608"
  integrity sha512-Y8o7am+btlHxJuPtS/0+qNe+QkyAOuxSSXhccRwj2mRUlYG81MnxWFgYs4ac+pWeayLfU/3SBvQJH5g7L82fTQ==

"@subsquid/util-internal@^3.1.0", "@subsquid/util-internal@^3.2.0":
  version "3.2.0"
  resolved "https://registry.yarnpkg.com/@subsquid/util-internal/-/util-internal-3.2.0.tgz#5d484ee1f0b16f012775b55096b75f885ca6bc3c"
  integrity sha512-foNCjOmZaP8MKMa9sNe2GXTjFSDM9UqA0I0C0/ZvCxM1lCmG3mxZb70f8Wyi7TePXC/eV8eARbIqFyz0GjQmzA==

"@subsquid/util-timeout@^2.3.2":
  version "2.3.2"
  resolved "https://registry.yarnpkg.com/@subsquid/util-timeout/-/util-timeout-2.3.2.tgz#0f16a71a8f68191295f49df8c1be1593e9f98cae"
  integrity sha512-DVUnuiWAX7/4ZvbzuHENUShEEV4G0M38mQ/+R8DpHxwpCSrtEaSRaUMwdyUSn/WVqR7wo9+jkLCxFjE5feCURQ==

"@types/node@^20.14.8":
  version "20.17.51"
  resolved "https://registry.yarnpkg.com/@types/node/-/node-20.17.51.tgz#f683c5d0fb1c2673276e51c47a3aa1a1817d2c27"
  integrity sha512-hccptBl7C8lHiKxTBsY6vYYmqpmw1E/aGR/8fmueE+B390L3pdMOpNSRvFO4ZnXzW5+p2HBXV0yNABd2vdk22Q==
  dependencies:
    undici-types "~6.19.2"

base64-js@^1.3.1:
  version "1.5.1"
  resolved "https://registry.yarnpkg.com/base64-js/-/base64-js-1.5.1.tgz#1b1b440160a5bf7ad40b650f095963481903930a"
  integrity sha512-AKpaYlHn8t4SVbOHCy+b5+KKgvR4vrsD8vbvrbiQJps7fKDTkjkDry6ji0rUJjC0kzbNePLwzxq8iypo41qeWA==

bintrees@1.0.2:
  version "1.0.2"
  resolved "https://registry.yarnpkg.com/bintrees/-/bintrees-1.0.2.tgz#49f896d6e858a4a499df85c38fb399b9aff840f8"
  integrity sha512-VOMgTMwjAaUG580SXn3LacVgjurrbMme7ZZNYGSSV7mmtY6QQRh0Eg3pwIcntQ77DErK1L0NxkbetjcoXzVwKw==

bn.js@^5.2.0:
  version "5.2.2"
  resolved "https://registry.yarnpkg.com/bn.js/-/bn.js-5.2.2.tgz#82c09f9ebbb17107cd72cb7fd39bd1f9d0aaa566"
  integrity sha512-v2YAxEmKaBLahNwE1mjp4WON6huMNeuDvagFZW+ASCuA/ku0bXR9hSMw0XpiqMoA3+rmnyck/tPRSFQkoC9Cuw==

buffer@^6.0.3:
  version "6.0.3"
  resolved "https://registry.yarnpkg.com/buffer/-/buffer-6.0.3.tgz#2ace578459cc8fbe2a70aaa8f52ee63b6a74c6c6"
  integrity sha512-FTiCpNxtwiZZHEZbcbTIcZjERVICn9yq/pDFkTl95/AxzD1naBctN7YO68riM/gLSDY7sdrMby8hofADYuuqOA==
  dependencies:
    base64-js "^1.3.1"
    ieee754 "^1.2.1"

bufferutil@^4.0.1:
  version "4.0.9"
  resolved "https://registry.yarnpkg.com/bufferutil/-/bufferutil-4.0.9.tgz#6e81739ad48a95cad45a279588e13e95e24a800a"
  integrity sha512-WDtdLmJvAuNNPzByAYpRo2rF1Mmradw6gvWsQKf63476DDXmomT9zUiGypLcG4ibIM67vhAj8jJRdbmEws2Aqw==
  dependencies:
    node-gyp-build "^4.3.0"

commander@^11.1.0:
  version "11.1.0"
  resolved "https://registry.yarnpkg.com/commander/-/commander-11.1.0.tgz#62fdce76006a68e5c1ab3314dc92e800eb83d906"
  integrity sha512-yPVavfyCcRhmorC7rWlkHn15b4wDVgVmBA7kV4QVBsF7kv/9TKJAbAXVTxvTnwP8HHKjRCJDClKbciiYS7p0DQ==

d@1, d@^1.0.1, d@^1.0.2:
  version "1.0.2"
  resolved "https://registry.yarnpkg.com/d/-/d-1.0.2.tgz#2aefd554b81981e7dccf72d6842ae725cb17e5de"
  integrity sha512-MOqHvMWF9/9MX6nza0KgvFH4HpMU0EF5uUDXqX/BtxtU8NfB0QzRtJ8Oe/6SuS4kbhyzVJwjd97EA4PKrzJ8bw==
  dependencies:
    es5-ext "^0.10.64"
    type "^2.7.2"

data-uri-to-buffer@^4.0.0:
  version "4.0.1"
  resolved "https://registry.yarnpkg.com/data-uri-to-buffer/-/data-uri-to-buffer-4.0.1.tgz#d8feb2b2881e6a4f58c2e08acfd0e2834e26222e"
  integrity sha512-0R9ikRb668HB7QDxT1vkpuUBtqc53YyAwMwGeUFKRojY/NWKvdZ+9UYtRfGmhqNbRkTSVpMbmyhXipFFv2cb/A==

debug@^2.2.0:
  version "2.6.9"
  resolved "https://registry.yarnpkg.com/debug/-/debug-2.6.9.tgz#5d128515df134ff327e90a4c93f4e077a536341f"
  integrity sha512-bC7ElrdJaJnPbAP+1EotYvqZsb3ecl5wi6Bfi6BJTUcNowp6cvspg0jXznRTKDjm/E7AdgFBVeAPVMNcKGsHMA==
  dependencies:
    ms "2.0.0"

es5-ext@^0.10.35, es5-ext@^0.10.62, es5-ext@^0.10.63, es5-ext@^0.10.64, es5-ext@~0.10.14:
  version "0.10.64"
  resolved "https://registry.yarnpkg.com/es5-ext/-/es5-ext-0.10.64.tgz#12e4ffb48f1ba2ea777f1fcdd1918ef73ea21714"
  integrity sha512-p2snDhiLaXe6dahss1LddxqEm+SkuDvV8dnIQG0MWjyHpcMNfXKPE+/Cc0y+PhxJX3A4xGNeFCj5oc0BUh6deg==
  dependencies:
    es6-iterator "^2.0.3"
    es6-symbol "^3.1.3"
    esniff "^2.0.1"
    next-tick "^1.1.0"

es6-iterator@^2.0.3:
  version "2.0.3"
  resolved "https://registry.yarnpkg.com/es6-iterator/-/es6-iterator-2.0.3.tgz#a7de889141a05a94b0854403b2d0a0fbfa98f3b7"
  integrity sha512-zw4SRzoUkd+cl+ZoE15A9o1oQd920Bb0iOJMQkQhl3jNc03YqVjAhG7scf9C5KWRU/R13Orf588uCC6525o02g==
  dependencies:
    d "1"
    es5-ext "^0.10.35"
    es6-symbol "^3.1.1"

es6-symbol@^3.1.1, es6-symbol@^3.1.3:
  version "3.1.4"
  resolved "https://registry.yarnpkg.com/es6-symbol/-/es6-symbol-3.1.4.tgz#f4e7d28013770b4208ecbf3e0bf14d3bcb557b8c"
  integrity sha512-U9bFFjX8tFiATgtkJ1zg25+KviIXpgRvRHS8sau3GfhVzThRQrOeksPeT0BWW2MNZs1OEWJ1DPXOQMn0KKRkvg==
  dependencies:
    d "^1.0.2"
    ext "^1.7.0"

esniff@^2.0.1:
  version "2.0.1"
  resolved "https://registry.yarnpkg.com/esniff/-/esniff-2.0.1.tgz#a4d4b43a5c71c7ec51c51098c1d8a29081f9b308"
  integrity sha512-kTUIGKQ/mDPFoJ0oVfcmyJn4iBDRptjNVIzwIFR7tqWXdVI9xfA2RMwY/gbSpJG3lkdWNEjLap/NqVHZiJsdfg==
  dependencies:
    d "^1.0.1"
    es5-ext "^0.10.62"
    event-emitter "^0.3.5"
    type "^2.7.2"

event-emitter@^0.3.5:
  version "0.3.5"
  resolved "https://registry.yarnpkg.com/event-emitter/-/event-emitter-0.3.5.tgz#df8c69eef1647923c7157b9ce83840610b02cc39"
  integrity sha512-D9rRn9y7kLPnJ+hMq7S/nhvoKwwvVJahBi2BPmx3bvbsEdK3W9ii8cBSGjP+72/LnM4n6fo3+dkCX5FeTQruXA==
  dependencies:
    d "1"
    es5-ext "~0.10.14"

ext@^1.7.0:
  version "1.7.0"
  resolved "https://registry.yarnpkg.com/ext/-/ext-1.7.0.tgz#0ea4383c0103d60e70be99e9a7f11027a33c4f5f"
  integrity sha512-6hxeJYaL110a9b5TEJSj0gojyHQAmA2ch5Os+ySCiA1QGdS697XWY1pzsrSjqA9LDEEgdB/KypIlR59RcLuHYw==
  dependencies:
    type "^2.7.2"

fetch-blob@^3.1.2, fetch-blob@^3.1.4:
  version "3.2.0"
  resolved "https://registry.yarnpkg.com/fetch-blob/-/fetch-blob-3.2.0.tgz#f09b8d4bbd45adc6f0c20b7e787e793e309dcce9"
  integrity sha512-7yAQpD2UMJzLi1Dqv7qFYnPbaPx7ZfFK6PiIxQ4PfkGPyNyl2Ugx+a/umUonmKqjhM4DnfbMvdX6otXq83soQQ==
  dependencies:
    node-domexception "^1.0.0"
    web-streams-polyfill "^3.0.3"

formdata-polyfill@^4.0.10:
  version "4.0.10"
  resolved "https://registry.yarnpkg.com/formdata-polyfill/-/formdata-polyfill-4.0.10.tgz#24807c31c9d402e002ab3d8c720144ceb8848423"
  integrity sha512-buewHzMvYL29jdeQTVILecSaZKnt/RJWjoZCF5OW60Z67/GmSLBkOFM7qh1PI3zFNtJbaZL5eQu1vLfazOwj4g==
  dependencies:
    fetch-blob "^3.1.2"

has-flag@^4.0.0:
  version "4.0.0"
  resolved "https://registry.yarnpkg.com/has-flag/-/has-flag-4.0.0.tgz#944771fd9c81c81265c4d6941860da06bb59479b"
  integrity sha512-EykJT/Q1KjTWctppgIAgfSO0tKVuZUjhgMr17kqTumMl6Afv3EISleU7qZUzoXDFTAHTDC4NOoG/ZxU3EvlMPQ==

ieee754@^1.2.1:
  version "1.2.1"
  resolved "https://registry.yarnpkg.com/ieee754/-/ieee754-1.2.1.tgz#8eb7a10a63fff25d15a57b001586d177d1b0d352"
  integrity sha512-dcyqhDvX1C46lXZcVqCpK+FtMRQVdIMN6/Df5js2zouUsqG7I6sFxitIC+7KYK29KdXOLHdu9zL4sFnoVQnqaA==

inherits@^2.0.3:
  version "2.0.4"
  resolved "https://registry.yarnpkg.com/inherits/-/inherits-2.0.4.tgz#0fa2c64f932917c3433a0ded55363aae37416b7c"
  integrity sha512-k/vGaX4/Yla3WzyMCvTQOXYeIHvqOKtnqBduzTHpzpQZzAskKMhZ2K+EnBiSM9zGSoIFeMpXKxa4dYeZIQqewQ==

is-typedarray@^1.0.0:
  version "1.0.0"
  resolved "https://registry.yarnpkg.com/is-typedarray/-/is-typedarray-1.0.0.tgz#e479c80858df0c1b11ddda6940f96011fcda4a9a"
  integrity sha512-cyA56iCMHAh5CdzjJIa4aohJyeO1YbwLi3Jc35MmRU6poroFjIGZzUzupGiRPOjgHg9TLu43xbpwXk523fMxKA==

keccak256@^1.0.6:
  version "1.0.6"
  resolved "https://registry.yarnpkg.com/keccak256/-/keccak256-1.0.6.tgz#dd32fb771558fed51ce4e45a035ae7515573da58"
  integrity sha512-8GLiM01PkdJVGUhR1e6M/AvWnSqYS0HaERI+K/QtStGDGlSTx2B1zTqZk4Zlqu5TxHJNTxWAdP9Y+WI50OApUw==
  dependencies:
    bn.js "^5.2.0"
    buffer "^6.0.3"
    keccak "^3.0.2"

keccak@^3.0.2:
  version "3.0.4"
  resolved "https://registry.yarnpkg.com/keccak/-/keccak-3.0.4.tgz#edc09b89e633c0549da444432ecf062ffadee86d"
  integrity sha512-3vKuW0jV8J3XNTzvfyicFR5qvxrSAGl7KIhvgOu5cmWwM7tZRj3fMbj/pfIf4be7aznbc+prBWGjywox/g2Y6Q==
  dependencies:
    node-addon-api "^2.0.0"
    node-gyp-build "^4.2.0"
    readable-stream "^3.6.0"

ms@2.0.0:
  version "2.0.0"
  resolved "https://registry.yarnpkg.com/ms/-/ms-2.0.0.tgz#5608aeadfc00be6c2901df5f9861788de0d597c8"
  integrity sha512-Tpp60P6IUJDTuOq/5Z8cdskzJujfwqfOTkrwIwj7IRISpnkJnT6SyJ4PCPnGMoFjC9ddhal5KVIYtAt97ix05A==

next-tick@^1.1.0:
  version "1.1.0"
  resolved "https://registry.yarnpkg.com/next-tick/-/next-tick-1.1.0.tgz#1836ee30ad56d67ef281b22bd199f709449b35eb"
  integrity sha512-CXdUiJembsNjuToQvxayPZF9Vqht7hewsvy2sOWafLvi2awflj9mOC6bHIg50orX8IJvWKY9wYQ/zB2kogPslQ==

node-addon-api@^2.0.0:
  version "2.0.2"
  resolved "https://registry.yarnpkg.com/node-addon-api/-/node-addon-api-2.0.2.tgz#432cfa82962ce494b132e9d72a15b29f71ff5d32"
  integrity sha512-Ntyt4AIXyaLIuMHF6IOoTakB3K+RWxwtsHNRxllEoA6vPwP9o4866g6YWDLUdnucilZhmkxiHwHr11gAENw+QA==

node-domexception@^1.0.0:
  version "1.0.0"
  resolved "https://registry.yarnpkg.com/node-domexception/-/node-domexception-1.0.0.tgz#6888db46a1f71c0b76b3f7555016b63fe64766e5"
  integrity sha512-/jKZoMpw0F8GRwl4/eLROPA3cfcXtLApP0QzLmUT/HuPCZWyB7IY9ZrMeKw2O/nFIqPQB3PVM9aYm0F312AXDQ==

node-fetch@^3.3.2:
  version "3.3.2"
  resolved "https://registry.yarnpkg.com/node-fetch/-/node-fetch-3.3.2.tgz#d1e889bacdf733b4ff3b2b243eb7a12866a0b78b"
  integrity sha512-dRB78srN/l6gqWulah9SrxeYnxeddIG30+GOqK/9OlLVyLg3HPnr6SqOWTWOXKRwC2eGYCkZ59NNuSgvSrpgOA==
  dependencies:
    data-uri-to-buffer "^4.0.0"
    fetch-blob "^3.1.4"
    formdata-polyfill "^4.0.10"

node-gyp-build@^4.2.0, node-gyp-build@^4.3.0:
  version "4.8.4"
  resolved "https://registry.yarnpkg.com/node-gyp-build/-/node-gyp-build-4.8.4.tgz#8a70ee85464ae52327772a90d66c6077a900cfc8"
  integrity sha512-LA4ZjwlnUblHVgq0oBF3Jl/6h/Nvs5fzBLwdEF4nuxnFdsfajde4WfxtJr3CaiH+F6ewcIB/q4jQ4UzPyid+CQ==

prom-client@^14.2.0:
  version "14.2.0"
  resolved "https://registry.yarnpkg.com/prom-client/-/prom-client-14.2.0.tgz#ca94504e64156f6506574c25fb1c34df7812cf11"
  integrity sha512-sF308EhTenb/pDRPakm+WgiN+VdM/T1RaHj1x+MvAuT8UiQP8JmOEbxVqtkbfR4LrvOg5n7ic01kRBDGXjYikA==
  dependencies:
    tdigest "^0.1.1"

readable-stream@^3.6.0:
  version "3.6.2"
  resolved "https://registry.yarnpkg.com/readable-stream/-/readable-stream-3.6.2.tgz#56a9b36ea965c00c5a93ef31eb111a0f11056967"
  integrity sha512-9u/sniCrY3D5WdsERHzHE4G2YCXqoG5FTHUiCC4SIbr6XcLZBY05ya9EKjYek9O5xOAwjGq+1JdGBAS7Q9ScoA==
  dependencies:
    inherits "^2.0.3"
    string_decoder "^1.1.1"
    util-deprecate "^1.0.1"

safe-buffer@~5.2.0:
  version "5.2.1"
  resolved "https://registry.yarnpkg.com/safe-buffer/-/safe-buffer-5.2.1.tgz#1eaf9fa9bdb1fdd4ec75f58f9cdb4e6b7827eec6"
  integrity sha512-rp3So07KcdmmKbGvgaNxQSJr7bGVSVk5S9Eq1F+ppbRo70+YeaDxkw5Dd8NPN+GD6bjnYm2VuPuCXmpuYvmCXQ==

stoppable@^1.1.0:
  version "1.1.0"
  resolved "https://registry.yarnpkg.com/stoppable/-/stoppable-1.1.0.tgz#32da568e83ea488b08e4d7ea2c3bcc9d75015d5b"
  integrity sha512-KXDYZ9dszj6bzvnEMRYvxgeTHU74QBFL54XKtP3nyMuJ81CFYtABZ3bAzL2EdFUaEwJOBOgENyFj3R7oTzDyyw==

string_decoder@^1.1.1:
  version "1.3.0"
  resolved "https://registry.yarnpkg.com/string_decoder/-/string_decoder-1.3.0.tgz#42f114594a46cf1a8e30b0a84f56c78c3edac21e"
  integrity sha512-hkRX8U1WjJFd8LsDJ2yQ/wWWxaopEsABU1XfkM8A+j0+85JAGppt16cr1Whg6KIbb4okU6Mql6BOj+uup/wKeA==
  dependencies:
    safe-buffer "~5.2.0"

supports-color@^8.1.1:
  version "8.1.1"
  resolved "https://registry.yarnpkg.com/supports-color/-/supports-color-8.1.1.tgz#cd6fc17e28500cff56c1b86c0a7fd4a54a73005c"
  integrity sha512-MpUEN2OodtUzxvKQl72cUF7RQ5EiHsGvSsVG0ia9c5RbWGL2CI4C7EpPS8UTBIplnlzZiNuV56w+FuNxy3ty2Q==
  dependencies:
    has-flag "^4.0.0"

tdigest@^0.1.1:
  version "0.1.2"
  resolved "https://registry.yarnpkg.com/tdigest/-/tdigest-0.1.2.tgz#96c64bac4ff10746b910b0e23b515794e12faced"
  integrity sha512-+G0LLgjjo9BZX2MfdvPfH+MKLCrxlXSYec5DaPYP1fe6Iyhf0/fSmJ0bFiZ1F8BT6cGXl2LpltQptzjXKWEkKA==
  dependencies:
    bintrees "1.0.2"

type@^2.7.2:
  version "2.7.3"
  resolved "https://registry.yarnpkg.com/type/-/type-2.7.3.tgz#436981652129285cc3ba94f392886c2637ea0486"
  integrity sha512-8j+1QmAbPvLZow5Qpi6NCaN8FB60p/6x8/vfNqOk/hC+HuvFZhL4+WfekuhQLiqFZXOgQdrs3B+XxEmCc6b3FQ==

typedarray-to-buffer@^3.1.5:
  version "3.1.5"
  resolved "https://registry.yarnpkg.com/typedarray-to-buffer/-/typedarray-to-buffer-3.1.5.tgz#a97ee7a9ff42691b9f783ff1bc5112fe3fca9080"
  integrity sha512-zdu8XMNEDepKKR+XYOXAVPtWui0ly0NtohUscw+UmaHiAWT8hrV1rr//H6V+0DvJ3OQ19S979M0laLfX8rm82Q==
  dependencies:
    is-typedarray "^1.0.0"

typescript@~5.5.2:
  version "5.5.4"
  resolved "https://registry.yarnpkg.com/typescript/-/typescript-5.5.4.tgz#d9852d6c82bad2d2eda4fd74a5762a8f5909e9ba"
  integrity sha512-Mtq29sKDAEYP7aljRgtPOpTvOfbwRWlS6dPRzwjdE+C0R4brX/GUyhHSecbHMFLNBLcJIPt9nl9yG5TZ1weH+Q==

undici-types@~6.19.2:
  version "6.19.8"
  resolved "https://registry.yarnpkg.com/undici-types/-/undici-types-6.19.8.tgz#35111c9d1437ab83a7cdc0abae2f26d88eda0a02"
  integrity sha512-ve2KP6f/JnbPBFyobGHuerC9g1FYGn/F8n1LWTwNxCEzd6IfqTwUQcNXgEtmmQ6DlRrC1hrSrBnCZPokRrDHjw==

utf-8-validate@^5.0.2:
  version "5.0.10"
  resolved "https://registry.yarnpkg.com/utf-8-validate/-/utf-8-validate-5.0.10.tgz#d7d10ea39318171ca982718b6b96a8d2442571a2"
  integrity sha512-Z6czzLq4u8fPOyx7TU6X3dvUZVvoJmxSQ+IcrlmagKhilxlhZgxPK6C5Jqbkw1IDUmFTM+cz9QDnnLTwDz/2gQ==
  dependencies:
    node-gyp-build "^4.3.0"

util-deprecate@^1.0.1:
  version "1.0.2"
  resolved "https://registry.yarnpkg.com/util-deprecate/-/util-deprecate-1.0.2.tgz#450d4dc9fa70de732762fbd2d4a28981419a0ccf"
  integrity sha512-EPD5q1uXyFxJpCrLnCc1nHnq3gOa6DZBocAIiI2TaSCA7VCJ1UJDMagCzIkXNsUYfD1daK//LTEQ8xiIbrHtcw==

web-streams-polyfill@^3.0.3:
  version "3.3.3"
  resolved "https://registry.yarnpkg.com/web-streams-polyfill/-/web-streams-polyfill-3.3.3.tgz#2073b91a2fdb1fbfbd401e7de0ac9f8214cecb4b"
  integrity sha512-d2JWLCivmZYTSIoge9MsgFCZrt571BikcWGYkjC1khllbTeDlGqZ2D8vD8E/lJa8WGWbb7Plm8/XJYV7IJHZZw==

websocket@^1.0.34:
  version "1.0.35"
  resolved "https://registry.yarnpkg.com/websocket/-/websocket-1.0.35.tgz#374197207d7d4cc4c36cbf8a1bb886ee52a07885"
  integrity sha512-/REy6amwPZl44DDzvRCkaI1q1bIiQB0mEFQLUrhz3z2EK91cp3n72rAjUlrTP0zV22HJIUOVHQGPxhFRjxjt+Q==
  dependencies:
    bufferutil "^4.0.1"
    debug "^2.2.0"
    es5-ext "^0.10.63"
    typedarray-to-buffer "^3.1.5"
    utf-8-validate "^5.0.2"
    yaeti "^0.0.6"

yaeti@^0.0.6:
  version "0.0.6"
  resolved "https://registry.yarnpkg.com/yaeti/-/yaeti-0.0.6.tgz#f26f484d72684cf42bedfb76970aa1608fbf9577"
  integrity sha512-MvQa//+KcZCUkBTIC9blM+CU9J2GzuTytsOUwf2lidtvkx/6gnEp1QvJv34t9vdjhFmha/mUiNDbN0D0mJWdug==
